
Microsoft Visual Studio Solution File, Format Version 12.00
# Visual Studio Version 17
VisualStudioVersion = 17.5.2.0
MinimumVisualStudioVersion = 10.0.40219.1
Project("{FAE04EC0-301F-11D3-BF4B-00C04F79EFBC}") = "efc", "efc\efc.csproj", "{1230C576-4E52-4A57-B61F-FC0376B47054}"
EndProject
Global
	GlobalSection(SolutionConfigurationPlatforms) = preSolution
		Debug|Any CPU = Debug|Any CPU
		Debug|x64 = Debug|x64
		Debug|x86 = Debug|x86
		Release|Any CPU = Release|Any CPU
		Release|x64 = Release|x64
		Release|x86 = Release|x86
	EndGlobalSection
	GlobalSection(ProjectConfigurationPlatforms) = postSolution
		{1230C576-4E52-4A57-B61F-FC0376B47054}.Debug|Any CPU.ActiveCfg = Debug|Any CPU
		{1230C576-4E52-4A57-B61F-FC0376B47054}.Debug|Any CPU.Build.0 = Debug|Any CPU
		{1230C576-4E52-4A57-B61F-FC0376B47054}.Debug|x64.ActiveCfg = Debug|Any CPU
		{1230C576-4E52-4A57-B61F-FC0376B47054}.Debug|x64.Build.0 = Debug|Any CPU
		{1230C576-4E52-4A57-B61F-FC0376B47054}.Debug|x86.ActiveCfg = Debug|Any CPU
		{1230C576-4E52-4A57-B61F-FC0376B47054}.Debug|x86.Build.0 = Debug|Any CPU
		{1230C576-4E52-4A57-B61F-FC0376B47054}.Release|Any CPU.ActiveCfg = Release|Any CPU
		{1230C576-4E52-4A57-B61F-FC0376B47054}.Release|Any CPU.Build.0 = Release|Any CPU
		{1230C576-4E52-4A57-B61F-FC0376B47054}.Release|x64.ActiveCfg = Release|Any CPU
		{1230C576-4E52-4A57-B61F-FC0376B47054}.Release|x64.Build.0 = Release|Any CPU
		{1230C576-4E52-4A57-B61F-FC0376B47054}.Release|x86.ActiveCfg = Release|Any CPU
		{1230C576-4E52-4A57-B61F-FC0376B47054}.Release|x86.Build.0 = Release|Any CPU
	EndGlobalSection
	GlobalSection(SolutionProperties) = preSolution
		HideSolutionNode = FALSE
	EndGlobalSection
	GlobalSection(ExtensibilityGlobals) = postSolution
		SolutionGuid = {66B409DA-EC7C-4721-8A7A-FD9D8128A486}
	EndGlobalSection
EndGlobal
